{
  "name": "tw5-sites",
  "version": "1.0.11",
  "lockfileVersion": 3,
  "requires": true,
  "packages": {
    "": {
      "name": "tw5-sites",
      "version": "1.0.11",
      "license": "MIT",
      "dependencies": {
        "secure-contact": "github:saqimtiaz/secure-contact#v1.0.8",
        "tiddlywiki": "^5.4.1"
      },
      "bin": {
        "tw5-sites-build": "bin/build.sh"
      }
    },
    "node_modules/secure-contact": {
      "version": "1.0.8",
      "resolved": "git+ssh://git@github.com/saqimtiaz/secure-contact.git#ed463a2f67a42a739d66bea8c4749c544e0b1873",
      "license": "MIT",
      "bin": {
        "secure-contact": "bin/secure-contact.js",
        "secure-contact-generate": "bin/generate-contact-data.js"
      },
      "engines": {
        "node": ">=18"
      }
    },
    "node_modules/tiddlywiki": {
      "version": "5.4.1",
      "resolved": "https://registry.npmjs.org/tiddlywiki/-/tiddlywiki-5.4.1.tgz",
      "integrity": "sha512-5Pnk7j8cUMoQHD0CarOWd4ixITURsN4DJxLfg8AGYSMiQoOHH6bp8JDCAgSdvZHRCQmvXtbm5FRxBFBT6WG24A==",
      "license": "BSD",
      "bin": {
        "tiddlywiki": "tiddlywiki.js"
      },
      "engines": {
        "node": ">=20.0.0"
      }
    }
  }
}
